
Microsoft Visual Studio Solution File, Format Version 12.00
# Visual Studio Version 16
VisualStudioVersion = 16.0.28917.181
MinimumVisualStudioVersion = 10.0.40219.1
Project("{FAE04EC0-301F-11D3-BF4B-00C04F79EFBC}") = "lab11", "lab11\lab11.csproj", "{A7D82C88-F38D-4FEE-98FA-F8DEAC25B26E}"
EndProject
Global
	GlobalSection(SolutionConfigurationPlatforms) = preSolution
		Debug|Any CPU = Debug|Any CPU
		Release|Any CPU = Release|Any CPU
	EndGlobalSection
	GlobalSection(ProjectConfigurationPlatforms) = postSolution
		{A7D82C88-F38D-4FEE-98FA-F8DEAC25B26E}.Debug|Any CPU.ActiveCfg = Debug|Any CPU
		{A7D82C88-F38D-4FEE-98FA-F8DEAC25B26E}.Debug|Any CPU.Build.0 = Debug|Any CPU
		{A7D82C88-F38D-4FEE-98FA-F8DEAC25B26E}.Release|Any CPU.ActiveCfg = Release|Any CPU
		{A7D82C88-F38D-4FEE-98FA-F8DEAC25B26E}.Release|Any CPU.Build.0 = Release|Any CPU
	EndGlobalSection
	GlobalSection(SolutionProperties) = preSolution
		HideSolutionNode = FALSE
	EndGlobalSection
	GlobalSection(ExtensibilityGlobals) = postSolution
		SolutionGuid = {C42DCAEE-0B83-4160-B013-40A8FE87A3E0}
	EndGlobalSection
EndGlobal
