
Microsoft Visual Studio Solution File, Format Version 12.00
# Visual Studio 15
VisualStudioVersion = 15.0.28307.779
MinimumVisualStudioVersion = 10.0.40219.1
Project("{FAE04EC0-301F-11D3-BF4B-00C04F79EFBC}") = "lab5", "lab5\lab5.csproj", "{08482A81-DE40-4E93-9293-8EA55857E1B5}"
EndProject
Global
	GlobalSection(SolutionConfigurationPlatforms) = preSolution
		Debug|Any CPU = Debug|Any CPU
		Release|Any CPU = Release|Any CPU
	EndGlobalSection
	GlobalSection(ProjectConfigurationPlatforms) = postSolution
		{08482A81-DE40-4E93-9293-8EA55857E1B5}.Debug|Any CPU.ActiveCfg = Debug|Any CPU
		{08482A81-DE40-4E93-9293-8EA55857E1B5}.Debug|Any CPU.Build.0 = Debug|Any CPU
		{08482A81-DE40-4E93-9293-8EA55857E1B5}.Release|Any CPU.ActiveCfg = Release|Any CPU
		{08482A81-DE40-4E93-9293-8EA55857E1B5}.Release|Any CPU.Build.0 = Release|Any CPU
	EndGlobalSection
	GlobalSection(SolutionProperties) = preSolution
		HideSolutionNode = FALSE
	EndGlobalSection
	GlobalSection(ExtensibilityGlobals) = postSolution
		SolutionGuid = {3102D23B-F118-475E-9355-7F6874DFD51B}
	EndGlobalSection
EndGlobal
