
Microsoft Visual Studio Solution File, Format Version 12.00
# Visual Studio Version 16
VisualStudioVersion = 16.0.28917.181
MinimumVisualStudioVersion = 10.0.40219.1
Project("{FAE04EC0-301F-11D3-BF4B-00C04F79EFBC}") = "lab6Fix", "lab6Fix\lab6Fix.csproj", "{A69F7DEC-1D0B-4930-80F1-746A26A6D48E}"
EndProject
Global
	GlobalSection(SolutionConfigurationPlatforms) = preSolution
		Debug|Any CPU = Debug|Any CPU
		Release|Any CPU = Release|Any CPU
	EndGlobalSection
	GlobalSection(ProjectConfigurationPlatforms) = postSolution
		{A69F7DEC-1D0B-4930-80F1-746A26A6D48E}.Debug|Any CPU.ActiveCfg = Debug|Any CPU
		{A69F7DEC-1D0B-4930-80F1-746A26A6D48E}.Debug|Any CPU.Build.0 = Debug|Any CPU
		{A69F7DEC-1D0B-4930-80F1-746A26A6D48E}.Release|Any CPU.ActiveCfg = Release|Any CPU
		{A69F7DEC-1D0B-4930-80F1-746A26A6D48E}.Release|Any CPU.Build.0 = Release|Any CPU
	EndGlobalSection
	GlobalSection(SolutionProperties) = preSolution
		HideSolutionNode = FALSE
	EndGlobalSection
	GlobalSection(ExtensibilityGlobals) = postSolution
		SolutionGuid = {9FE71822-3FD2-412E-A618-48AA7AEAA7AB}
	EndGlobalSection
EndGlobal
