
Microsoft Visual Studio Solution File, Format Version 12.00
# Visual Studio 15
VisualStudioVersion = 15.0.28307.779
MinimumVisualStudioVersion = 10.0.40219.1
Project("{FAE04EC0-301F-11D3-BF4B-00C04F79EFBC}") = "FactoryLibrary", "FactoryLibrary\FactoryLibrary.csproj", "{C583E173-0D2C-4ABB-A8F8-D3AB27A2A6D0}"
EndProject
Global
	GlobalSection(SolutionConfigurationPlatforms) = preSolution
		Debug|Any CPU = Debug|Any CPU
		Release|Any CPU = Release|Any CPU
	EndGlobalSection
	GlobalSection(ProjectConfigurationPlatforms) = postSolution
		{C583E173-0D2C-4ABB-A8F8-D3AB27A2A6D0}.Debug|Any CPU.ActiveCfg = Debug|Any CPU
		{C583E173-0D2C-4ABB-A8F8-D3AB27A2A6D0}.Debug|Any CPU.Build.0 = Debug|Any CPU
		{C583E173-0D2C-4ABB-A8F8-D3AB27A2A6D0}.Release|Any CPU.ActiveCfg = Release|Any CPU
		{C583E173-0D2C-4ABB-A8F8-D3AB27A2A6D0}.Release|Any CPU.Build.0 = Release|Any CPU
	EndGlobalSection
	GlobalSection(SolutionProperties) = preSolution
		HideSolutionNode = FALSE
	EndGlobalSection
	GlobalSection(ExtensibilityGlobals) = postSolution
		SolutionGuid = {AD87816A-7900-4D84-99A7-50CA766CB5D6}
	EndGlobalSection
EndGlobal
